// !$*UTF8*$!
{
	archiveVersion = 1;
	classes = {
	};
	objectVersion = 50;
	objects = {

/* Begin PBXBuildFile section */
		245BE8DD250F054C00A0BF90 /* AppDelegate.m in Sources */ = {isa = PBXBuildFile; fileRef = 245BE8DC250F054C00A0BF90 /* AppDelegate.m */; };
		245BE8E3250F054C00A0BF90 /* ViewController.m in Sources */ = {isa = PBXBuildFile; fileRef = 245BE8E2250F054C00A0BF90 /* ViewController.m */; };
		245BE8E6250F054C00A0BF90 /* Main.storyboard in Resources */ = {isa = PBXBuildFile; fileRef = 245BE8E4250F054C00A0BF90 /* Main.storyboard */; };
		245BE8E8250F054E00A0BF90 /* Assets.xcassets in Resources */ = {isa = PBXBuildFile; fileRef = 245BE8E7250F054E00A0BF90 /* Assets.xcassets */; };
		245BE8EB250F054E00A0BF90 /* LaunchScreen.storyboard in Resources */ = {isa = PBXBuildFile; fileRef = 245BE8E9250F054E00A0BF90 /* LaunchScreen.storyboard */; };
		245BE8EE250F054E00A0BF90 /* main.m in Sources */ = {isa = PBXBuildFile; fileRef = 245BE8ED250F054E00A0BF90 /* main.m */; };
		245BE8FA250F0FF700A0BF90 /* NSString+dealloc.m in Sources */ = {isa = PBXBuildFile; fileRef = 245BE8F9250F0FF700A0BF90 /* NSString+dealloc.m */; };
		245BE925250F58CD00A0BF90 /* Person.m in Sources */ = {isa = PBXBuildFile; fileRef = 245BE923250F58CD00A0BF90 /* Person.m */; };
/* End PBXBuildFile section */

/* Begin PBXFileReference section */
		245BE8D8250F054C00A0BF90 /* Autorelease.app */ = {isa = PBXFileReference; explicitFileType = wrapper.application; includeInIndex = 0; path = Autorelease.app; sourceTree = BUILT_PRODUCTS_DIR; };
		245BE8DB250F054C00A0BF90 /* AppDelegate.h */ = {isa = PBXFileReference; lastKnownFileType = sourcecode.c.h; path = AppDelegate.h; sourceTree = "<group>"; };
		245BE8DC250F054C00A0BF90 /* AppDelegate.m */ = {isa = PBXFileReference; lastKnownFileType = sourcecode.c.objc; path = AppDelegate.m; sourceTree = "<group>"; };
		245BE8E1250F054C00A0BF90 /* ViewController.h */ = {isa = PBXFileReference; lastKnownFileType = sourcecode.c.h; path = ViewController.h; sourceTree = "<group>"; };
		245BE8E2250F054C00A0BF90 /* ViewController.m */ = {isa = PBXFileReference; lastKnownFileType = sourcecode.c.objc; path = ViewController.m; sourceTree = "<group>"; };
		245BE8E5250F054C00A0BF90 /* Base */ = {isa = PBXFileReference; lastKnownFileType = file.storyboard; name = Base; path = Base.lproj/Main.storyboard; sourceTree = "<group>"; };
		245BE8E7250F054E00A0BF90 /* Assets.xcassets */ = {isa = PBXFileReference; lastKnownFileType = folder.assetcatalog; path = Assets.xcassets; sourceTree = "<group>"; };
		245BE8EA250F054E00A0BF90 /* Base */ = {isa = PBXFileReference; lastKnownFileType = file.storyboard; name = Base; path = Base.lproj/LaunchScreen.storyboard; sourceTree = "<group>"; };
		245BE8EC250F054E00A0BF90 /* Info.plist */ = {isa = PBXFileReference; lastKnownFileType = text.plist.xml; path = Info.plist; sourceTree = "<group>"; };
		245BE8ED250F054E00A0BF90 /* main.m */ = {isa = PBXFileReference; lastKnownFileType = sourcecode.c.objc; path = main.m; sourceTree = "<group>"; };
		245BE8F8250F0FF700A0BF90 /* NSString+dealloc.h */ = {isa = PBXFileReference; lastKnownFileType = sourcecode.c.h; path = "NSString+dealloc.h"; sourceTree = "<group>"; };
		245BE8F9250F0FF700A0BF90 /* NSString+dealloc.m */ = {isa = PBXFileReference; lastKnownFileType = sourcecode.c.objc; path = "NSString+dealloc.m"; sourceTree = "<group>"; };
		245BE923250F58CD00A0BF90 /* Person.m */ = {isa = PBXFileReference; lastKnownFileType = sourcecode.c.objc; path = Person.m; sourceTree = "<group>"; };
		245BE924250F58CD00A0BF90 /* Person.h */ = {isa = PBXFileReference; lastKnownFileType = sourcecode.c.h; path = Person.h; sourceTree = "<group>"; };
/* End PBXFileReference section */

/* Begin PBXFrameworksBuildPhase section */
		245BE8D5250F054C00A0BF90 /* Frameworks */ = {
			isa = PBXFrameworksBuildPhase;
			buildActionMask = 2147483647;
			files = (
			);
			runOnlyForDeploymentPostprocessing = 0;
		};
/* End PBXFrameworksBuildPhase section */

/* Begin PBXGroup section */
		245BE8CF250F054C00A0BF90 = {
			isa = PBXGroup;
			children = (
				245BE8DA250F054C00A0BF90 /* Autorelease */,
				245BE8D9250F054C00A0BF90 /* Products */,
			);
			sourceTree = "<group>";
		};
		245BE8D9250F054C00A0BF90 /* Products */ = {
			isa = PBXGroup;
			children = (
				245BE8D8250F054C00A0BF90 /* Autorelease.app */,
			);
			name = Products;
			sourceTree = "<group>";
		};
		245BE8DA250F054C00A0BF90 /* Autorelease */ = {
			isa = PBXGroup;
			children = (
				245BE924250F58CD00A0BF90 /* Person.h */,
				245BE923250F58CD00A0BF90 /* Person.m */,
				245BE8DB250F054C00A0BF90 /* AppDelegate.h */,
				245BE8DC250F054C00A0BF90 /* AppDelegate.m */,
				245BE8E1250F054C00A0BF90 /* ViewController.h */,
				245BE8E2250F054C00A0BF90 /* ViewController.m */,
				245BE8F8250F0FF700A0BF90 /* NSString+dealloc.h */,
				245BE8F9250F0FF700A0BF90 /* NSString+dealloc.m */,
				245BE8E4250F054C00A0BF90 /* Main.storyboard */,
				245BE8E7250F054E00A0BF90 /* Assets.xcassets */,
				245BE8E9250F054E00A0BF90 /* LaunchScreen.storyboard */,
				245BE8EC250F054E00A0BF90 /* Info.plist */,
				245BE8ED250F054E00A0BF90 /* main.m */,
			);
			path = Autorelease;
			sourceTree = "<group>";
		};
/* End PBXGroup section */

/* Begin PBXNativeTarget section */
		245BE8D7250F054C00A0BF90 /* Autorelease */ = {
			isa = PBXNativeTarget;
			buildConfigurationList = 245BE8F1250F054E00A0BF90 /* Build configuration list for PBXNativeTarget "Autorelease" */;
			buildPhases = (
				245BE8D4250F054C00A0BF90 /* Sources */,
				245BE8D5250F054C00A0BF90 /* Frameworks */,
				245BE8D6250F054C00A0BF90 /* Resources */,
			);
			buildRules = (
			);
			dependencies = (
			);
			name = Autorelease;
			productName = Autorelease;
			productReference = 245BE8D8250F054C00A0BF90 /* Autorelease.app */;
			productType = "com.apple.product-type.application";
		};
/* End PBXNativeTarget section */

/* Begin PBXProject section */
		245BE8D0250F054C00A0BF90 /* Project object */ = {
			isa = PBXProject;
			attributes = {
				LastUpgradeCheck = 1160;
				ORGANIZATIONNAME = learn;
				TargetAttributes = {
					245BE8D7250F054C00A0BF90 = {
						CreatedOnToolsVersion = 11.6;
					};
				};
			};
			buildConfigurationList = 245BE8D3250F054C00A0BF90 /* Build configuration list for PBXProject "Autorelease" */;
			compatibilityVersion = "Xcode 9.3";
			developmentRegion = en;
			hasScannedForEncodings = 0;
			knownRegions = (
				en,
				Base,
			);
			mainGroup = 245BE8CF250F054C00A0BF90;
			productRefGroup = 245BE8D9250F054C00A0BF90 /* Products */;
			projectDirPath = "";
			projectRoot = "";
			targets = (
				245BE8D7250F054C00A0BF90 /* Autorelease */,
			);
		};
/* End PBXProject section */

/* Begin PBXResourcesBuildPhase section */
		245BE8D6250F054C00A0BF90 /* Resources */ = {
			isa = PBXResourcesBuildPhase;
			buildActionMask = 2147483647;
			files = (
				245BE8EB250F054E00A0BF90 /* LaunchScreen.storyboard in Resources */,
				245BE8E8250F054E00A0BF90 /* Assets.xcassets in Resources */,
				245BE8E6250F054C00A0BF90 /* Main.storyboard in Resources */,
			);
			runOnlyForDeploymentPostprocessing = 0;
		};
/* End PBXResourcesBuildPhase section */

/* Begin PBXSourcesBuildPhase section */
		245BE8D4250F054C00A0BF90 /* Sources */ = {
			isa = PBXSourcesBuildPhase;
			buildActionMask = 2147483647;
			files = (
				245BE8FA250F0FF700A0BF90 /* NSString+dealloc.m in Sources */,
				245BE8E3250F054C00A0BF90 /* ViewController.m in Sources */,
				245BE925250F58CD00A0BF90 /* Person.m in Sources */,
				245BE8DD250F054C00A0BF90 /* AppDelegate.m in Sources */,
				245BE8EE250F054E00A0BF90 /* main.m in Sources */,
			);
			runOnlyForDeploymentPostprocessing = 0;
		};
/* End PBXSourcesBuildPhase section */

/* Begin PBXVariantGroup section */
		245BE8E4250F054C00A0BF90 /* Main.storyboard */ = {
			isa = PBXVariantGroup;
			children = (
				245BE8E5250F054C00A0BF90 /* Base */,
			);
			name = Main.storyboard;
			sourceTree = "<group>";
		};
		245BE8E9250F054E00A0BF90 /* LaunchScreen.storyboard */ = {
			isa = PBXVariantGroup;
			children = (
				245BE8EA250F054E00A0BF90 /* Base */,
			);
			name = LaunchScreen.storyboard;
			sourceTree = "<group>";
		};
/* End PBXVariantGroup section */

/* Begin XCBuildConfiguration section */
		245BE8EF250F054E00A0BF90 /* Debug */ = {
			isa = XCBuildConfiguration;
			buildSettings = {
				ALWAYS_SEARCH_USER_PATHS = NO;
				CLANG_ANALYZER_NONNULL = YES;
				CLANG_ANALYZER_NUMBER_OBJECT_CONVERSION = YES_AGGRESSIVE;
				CLANG_CXX_LANGUAGE_STANDARD = "gnu++14";
				CLANG_CXX_LIBRARY = "libc++";
				CLANG_ENABLE_MODULES = YES;
				CLANG_ENABLE_OBJC_ARC = YES;
				CLANG_ENABLE_OBJC_WEAK = YES;
				CLANG_WARN_BLOCK_CAPTURE_AUTORELEASING = YES;
				CLANG_WARN_BOOL_CONVERSION = YES;
				CLANG_WARN_COMMA = YES;
				CLANG_WARN_CONSTANT_CONVERSION = YES;
				CLANG_WARN_DEPRECATED_OBJC_IMPLEMENTATIONS = YES;
				CLANG_WARN_DIRECT_OBJC_ISA_USAGE = YES_ERROR;
				CLANG_WARN_DOCUMENTATION_COMMENTS = YES;
				CLANG_WARN_EMPTY_BODY = YES;
				CLANG_WARN_ENUM_CONVERSION = YES;
				CLANG_WARN_INFINITE_RECURSION = YES;
				CLANG_WARN_INT_CONVERSION = YES;
				CLANG_WARN_NON_LITERAL_NULL_CONVERSION = YES;
				CLANG_WARN_OBJC_IMPLICIT_RETAIN_SELF = YES;
				CLANG_WARN_OBJC_LITERAL_CONVERSION = YES;
				CLANG_WARN_OBJC_ROOT_CLASS = YES_ERROR;
				CLANG_WARN_RANGE_LOOP_ANALYSIS = YES;
				CLANG_WARN_STRICT_PROTOTYPES = YES;
				CLANG_WARN_SUSPICIOUS_MOVE = YES;
				CLANG_WARN_UNGUARDED_AVAILABILITY = YES_AGGRESSIVE;
				CLANG_WARN_UNREACHABLE_CODE = YES;
				CLANG_WARN__DUPLICATE_METHOD_MATCH = YES;
				COPY_PHASE_STRIP = NO;
				DEBUG_INFORMATION_FORMAT = dwarf;
				ENABLE_STRICT_OBJC_MSGSEND = YES;
				ENABLE_TESTABILITY = YES;
				GCC_C_LANGUAGE_STANDARD = gnu11;
				GCC_DYNAMIC_NO_PIC = NO;
				GCC_NO_COMMON_BLOCKS = YES;
				GCC_OPTIMIZATION_LEVEL = 0;
				GCC_PREPROCESSOR_DEFINITIONS = (
					"DEBUG=1",
					"$(inherited)",
				);
				GCC_WARN_64_TO_32_BIT_CONVERSION = YES;
				GCC_WARN_ABOUT_RETURN_TYPE = YES_ERROR;
				GCC_WARN_UNDECLARED_SELECTOR = YES;
				GCC_WARN_UNINITIALIZED_AUTOS = YES_AGGRESSIVE;
				GCC_WARN_UNUSED_FUNCTION = YES;
				GCC_WARN_UNUSED_VARIABLE = YES;
				IPHONEOS_DEPLOYMENT_TARGET = 13.6;
				MTL_ENABLE_DEBUG_INFO = INCLUDE_SOURCE;
				MTL_FAST_MATH = YES;
				ONLY_ACTIVE_ARCH = YES;
				SDKROOT = iphoneos;
			};
			name = Debug;
		};
		245BE8F0250F054E00A0BF90 /* Release */ = {
			isa = XCBuildConfiguration;
			buildSettings = {
				ALWAYS_SEARCH_USER_PATHS = NO;
				CLANG_ANALYZER_NONNULL = YES;
				CLANG_ANALYZER_NUMBER_OBJECT_CONVERSION = YES_AGGRESSIVE;
				CLANG_CXX_LANGUAGE_STANDARD = "gnu++14";
				CLANG_CXX_LIBRARY = "libc++";
				CLANG_ENABLE_MODULES = YES;
				CLANG_ENABLE_OBJC_ARC = YES;
				CLANG_ENABLE_OBJC_WEAK = YES;
				CLANG_WARN_BLOCK_CAPTURE_AUTORELEASING = YES;
				CLANG_WARN_BOOL_CONVERSION = YES;
				CLANG_WARN_COMMA = YES;
				CLANG_WARN_CONSTANT_CONVERSION = YES;
				CLANG_WARN_DEPRECATED_OBJC_IMPLEMENTATIONS = YES;
				CLANG_WARN_DIRECT_OBJC_ISA_USAGE = YES_ERROR;
				CLANG_WARN_DOCUMENTATION_COMMENTS = YES;
				CLANG_WARN_EMPTY_BODY = YES;
				CLANG_WARN_ENUM_CONVERSION = YES;
				CLANG_WARN_INFINITE_RECURSION = YES;
				CLANG_WARN_INT_CONVERSION = YES;
				CLANG_WARN_NON_LITERAL_NULL_CONVERSION = YES;
				CLANG_WARN_OBJC_IMPLICIT_RETAIN_SELF = YES;
				CLANG_WARN_OBJC_LITERAL_CONVERSION = YES;
				CLANG_WARN_OBJC_ROOT_CLASS = YES_ERROR;
				CLANG_WARN_RANGE_LOOP_ANALYSIS = YES;
				CLANG_WARN_STRICT_PROTOTYPES = YES;
				CLANG_WARN_SUSPICIOUS_MOVE = YES;
				CLANG_WARN_UNGUARDED_AVAILABILITY = YES_AGGRESSIVE;
				CLANG_WARN_UNREACHABLE_CODE = YES;
				CLANG_WARN__DUPLICATE_METHOD_MATCH = YES;
				COPY_PHASE_STRIP = NO;
				DEBUG_INFORMATION_FORMAT = "dwarf-with-dsym";
				ENABLE_NS_ASSERTIONS = NO;
				ENABLE_STRICT_OBJC_MSGSEND = YES;
				GCC_C_LANGUAGE_STANDARD = gnu11;
				GCC_NO_COMMON_BLOCKS = YES;
				GCC_WARN_64_TO_32_BIT_CONVERSION = YES;
				GCC_WARN_ABOUT_RETURN_TYPE = YES_ERROR;
				GCC_WARN_UNDECLARED_SELECTOR = YES;
				GCC_WARN_UNINITIALIZED_AUTOS = YES_AGGRESSIVE;
				GCC_WARN_UNUSED_FUNCTION = YES;
				GCC_WARN_UNUSED_VARIABLE = YES;
				IPHONEOS_DEPLOYMENT_TARGET = 13.6;
				MTL_ENABLE_DEBUG_INFO = NO;
				MTL_FAST_MATH = YES;
				SDKROOT = iphoneos;
				VALIDATE_PRODUCT = YES;
			};
			name = Release;
		};
		245BE8F2250F054E00A0BF90 /* Debug */ = {
			isa = XCBuildConfiguration;
			buildSettings = {
				ASSETCATALOG_COMPILER_APPICON_NAME = AppIcon;
				CODE_SIGN_STYLE = Automatic;
				INFOPLIST_FILE = Autorelease/Info.plist;
				LD_RUNPATH_SEARCH_PATHS = (
					"$(inherited)",
					"@executable_path/Frameworks",
				);
				PRODUCT_BUNDLE_IDENTIFIER = com.learn.Autorelease;
				PRODUCT_NAME = "$(TARGET_NAME)";
				TARGETED_DEVICE_FAMILY = "1,2";
			};
			name = Debug;
		};
		245BE8F3250F054E00A0BF90 /* Release */ = {
			isa = XCBuildConfiguration;
			buildSettings = {
				ASSETCATALOG_COMPILER_APPICON_NAME = AppIcon;
				CODE_SIGN_STYLE = Automatic;
				INFOPLIST_FILE = Autorelease/Info.plist;
				LD_RUNPATH_SEARCH_PATHS = (
					"$(inherited)",
					"@executable_path/Frameworks",
				);
				PRODUCT_BUNDLE_IDENTIFIER = com.learn.Autorelease;
				PRODUCT_NAME = "$(TARGET_NAME)";
				TARGETED_DEVICE_FAMILY = "1,2";
			};
			name = Release;
		};
/* End XCBuildConfiguration section */

/* Begin XCConfigurationList section */
		245BE8D3250F054C00A0BF90 /* Build configuration list for PBXProject "Autorelease" */ = {
			isa = XCConfigurationList;
			buildConfigurations = (
				245BE8EF250F054E00A0BF90 /* Debug */,
				245BE8F0250F054E00A0BF90 /* Release */,
			);
			defaultConfigurationIsVisible = 0;
			defaultConfigurationName = Release;
		};
		245BE8F1250F054E00A0BF90 /* Build configuration list for PBXNativeTarget "Autorelease" */ = {
			isa = XCConfigurationList;
			buildConfigurations = (
				245BE8F2250F054E00A0BF90 /* Debug */,
				245BE8F3250F054E00A0BF90 /* Release */,
			);
			defaultConfigurationIsVisible = 0;
			defaultConfigurationName = Release;
		};
/* End XCConfigurationList section */
	};
	rootObject = 245BE8D0250F054C00A0BF90 /* Project object */;
}
