// !$*UTF8*$!
{
	archiveVersion = 1;
	classes = {
	};
	objectVersion = 50;
	objects = {

/* Begin PBXBuildFile section */
		24636443250503F400344DD4 /* ThreadSafeArrayVC.m in Sources */ = {isa = PBXBuildFile; fileRef = 24636442250503F400344DD4 /* ThreadSafeArrayVC.m */; };
		2463644625050A0100344DD4 /* OriginalArray.m in Sources */ = {isa = PBXBuildFile; fileRef = 2463644525050A0100344DD4 /* OriginalArray.m */; };
		246364492505110300344DD4 /* ArrayWithLock.m in Sources */ = {isa = PBXBuildFile; fileRef = 246364482505110300344DD4 /* ArrayWithLock.m */; };
		2463644C2505140400344DD4 /* ArrayWithGCD.m in Sources */ = {isa = PBXBuildFile; fileRef = 2463644B2505140400344DD4 /* ArrayWithGCD.m */; };
		24675A7125039FC5003AEA47 /* OperationVC.m in Sources */ = {isa = PBXBuildFile; fileRef = 24675A7025039FC5003AEA47 /* OperationVC.m */; };
		24675A752503A7F8003AEA47 /* MyOperation.m in Sources */ = {isa = PBXBuildFile; fileRef = 24675A742503A7F8003AEA47 /* MyOperation.m */; };
		24F3CC2825032D73008F087A /* TableViewController.m in Sources */ = {isa = PBXBuildFile; fileRef = 24F3CC2725032D73008F087A /* TableViewController.m */; };
		24F3CC2B250330BC008F087A /* GCDBarrierVC.m in Sources */ = {isa = PBXBuildFile; fileRef = 24F3CC2A250330BC008F087A /* GCDBarrierVC.m */; };
		24F3CC2E2503318F008F087A /* JKTool.m in Sources */ = {isa = PBXBuildFile; fileRef = 24F3CC2D2503318F008F087A /* JKTool.m */; };
		24F68EC124F6997100C8F592 /* AppDelegate.m in Sources */ = {isa = PBXBuildFile; fileRef = 24F68EC024F6997100C8F592 /* AppDelegate.m */; };
		24F68EC724F6997100C8F592 /* ViewController.m in Sources */ = {isa = PBXBuildFile; fileRef = 24F68EC624F6997100C8F592 /* ViewController.m */; };
		24F68ECA24F6997100C8F592 /* Main.storyboard in Resources */ = {isa = PBXBuildFile; fileRef = 24F68EC824F6997100C8F592 /* Main.storyboard */; };
		24F68ECC24F6997300C8F592 /* Assets.xcassets in Resources */ = {isa = PBXBuildFile; fileRef = 24F68ECB24F6997300C8F592 /* Assets.xcassets */; };
		24F68ECF24F6997300C8F592 /* LaunchScreen.storyboard in Resources */ = {isa = PBXBuildFile; fileRef = 24F68ECD24F6997300C8F592 /* LaunchScreen.storyboard */; };
		24F68ED224F6997300C8F592 /* main.m in Sources */ = {isa = PBXBuildFile; fileRef = 24F68ED124F6997300C8F592 /* main.m */; };
/* End PBXBuildFile section */

/* Begin PBXFileReference section */
		24636441250503F400344DD4 /* ThreadSafeArrayVC.h */ = {isa = PBXFileReference; lastKnownFileType = sourcecode.c.h; path = ThreadSafeArrayVC.h; sourceTree = "<group>"; };
		24636442250503F400344DD4 /* ThreadSafeArrayVC.m */ = {isa = PBXFileReference; lastKnownFileType = sourcecode.c.objc; path = ThreadSafeArrayVC.m; sourceTree = "<group>"; };
		2463644425050A0100344DD4 /* OriginalArray.h */ = {isa = PBXFileReference; lastKnownFileType = sourcecode.c.h; path = OriginalArray.h; sourceTree = "<group>"; };
		2463644525050A0100344DD4 /* OriginalArray.m */ = {isa = PBXFileReference; lastKnownFileType = sourcecode.c.objc; path = OriginalArray.m; sourceTree = "<group>"; };
		246364472505110300344DD4 /* ArrayWithLock.h */ = {isa = PBXFileReference; lastKnownFileType = sourcecode.c.h; path = ArrayWithLock.h; sourceTree = "<group>"; };
		246364482505110300344DD4 /* ArrayWithLock.m */ = {isa = PBXFileReference; lastKnownFileType = sourcecode.c.objc; path = ArrayWithLock.m; sourceTree = "<group>"; };
		2463644A2505140400344DD4 /* ArrayWithGCD.h */ = {isa = PBXFileReference; lastKnownFileType = sourcecode.c.h; path = ArrayWithGCD.h; sourceTree = "<group>"; };
		2463644B2505140400344DD4 /* ArrayWithGCD.m */ = {isa = PBXFileReference; lastKnownFileType = sourcecode.c.objc; path = ArrayWithGCD.m; sourceTree = "<group>"; };
		24675A6F25039FC5003AEA47 /* OperationVC.h */ = {isa = PBXFileReference; lastKnownFileType = sourcecode.c.h; path = OperationVC.h; sourceTree = "<group>"; };
		24675A7025039FC5003AEA47 /* OperationVC.m */ = {isa = PBXFileReference; lastKnownFileType = sourcecode.c.objc; path = OperationVC.m; sourceTree = "<group>"; };
		24675A732503A7F8003AEA47 /* MyOperation.h */ = {isa = PBXFileReference; lastKnownFileType = sourcecode.c.h; path = MyOperation.h; sourceTree = "<group>"; };
		24675A742503A7F8003AEA47 /* MyOperation.m */ = {isa = PBXFileReference; lastKnownFileType = sourcecode.c.objc; path = MyOperation.m; sourceTree = "<group>"; };
		24F3CC2625032D73008F087A /* TableViewController.h */ = {isa = PBXFileReference; lastKnownFileType = sourcecode.c.h; path = TableViewController.h; sourceTree = "<group>"; };
		24F3CC2725032D73008F087A /* TableViewController.m */ = {isa = PBXFileReference; lastKnownFileType = sourcecode.c.objc; path = TableViewController.m; sourceTree = "<group>"; };
		24F3CC29250330BC008F087A /* GCDBarrierVC.h */ = {isa = PBXFileReference; lastKnownFileType = sourcecode.c.h; path = GCDBarrierVC.h; sourceTree = "<group>"; };
		24F3CC2A250330BC008F087A /* GCDBarrierVC.m */ = {isa = PBXFileReference; lastKnownFileType = sourcecode.c.objc; path = GCDBarrierVC.m; sourceTree = "<group>"; };
		24F3CC2C2503318F008F087A /* JKTool.h */ = {isa = PBXFileReference; lastKnownFileType = sourcecode.c.h; path = JKTool.h; sourceTree = "<group>"; };
		24F3CC2D2503318F008F087A /* JKTool.m */ = {isa = PBXFileReference; lastKnownFileType = sourcecode.c.objc; path = JKTool.m; sourceTree = "<group>"; };
		24F68EBC24F6997100C8F592 /* MultiThreads.app */ = {isa = PBXFileReference; explicitFileType = wrapper.application; includeInIndex = 0; path = MultiThreads.app; sourceTree = BUILT_PRODUCTS_DIR; };
		24F68EBF24F6997100C8F592 /* AppDelegate.h */ = {isa = PBXFileReference; lastKnownFileType = sourcecode.c.h; path = AppDelegate.h; sourceTree = "<group>"; };
		24F68EC024F6997100C8F592 /* AppDelegate.m */ = {isa = PBXFileReference; lastKnownFileType = sourcecode.c.objc; path = AppDelegate.m; sourceTree = "<group>"; };
		24F68EC524F6997100C8F592 /* ViewController.h */ = {isa = PBXFileReference; lastKnownFileType = sourcecode.c.h; path = ViewController.h; sourceTree = "<group>"; };
		24F68EC624F6997100C8F592 /* ViewController.m */ = {isa = PBXFileReference; lastKnownFileType = sourcecode.c.objc; path = ViewController.m; sourceTree = "<group>"; };
		24F68EC924F6997100C8F592 /* Base */ = {isa = PBXFileReference; lastKnownFileType = file.storyboard; name = Base; path = Base.lproj/Main.storyboard; sourceTree = "<group>"; };
		24F68ECB24F6997300C8F592 /* Assets.xcassets */ = {isa = PBXFileReference; lastKnownFileType = folder.assetcatalog; path = Assets.xcassets; sourceTree = "<group>"; };
		24F68ECE24F6997300C8F592 /* Base */ = {isa = PBXFileReference; lastKnownFileType = file.storyboard; name = Base; path = Base.lproj/LaunchScreen.storyboard; sourceTree = "<group>"; };
		24F68ED024F6997300C8F592 /* Info.plist */ = {isa = PBXFileReference; lastKnownFileType = text.plist.xml; path = Info.plist; sourceTree = "<group>"; };
		24F68ED124F6997300C8F592 /* main.m */ = {isa = PBXFileReference; lastKnownFileType = sourcecode.c.objc; path = main.m; sourceTree = "<group>"; };
/* End PBXFileReference section */

/* Begin PBXFrameworksBuildPhase section */
		24F68EB924F6997100C8F592 /* Frameworks */ = {
			isa = PBXFrameworksBuildPhase;
			buildActionMask = 2147483647;
			files = (
			);
			runOnlyForDeploymentPostprocessing = 0;
		};
/* End PBXFrameworksBuildPhase section */

/* Begin PBXGroup section */
		246364402505038C00344DD4 /* ThreadSafeArray */ = {
			isa = PBXGroup;
			children = (
				24636441250503F400344DD4 /* ThreadSafeArrayVC.h */,
				24636442250503F400344DD4 /* ThreadSafeArrayVC.m */,
				2463644425050A0100344DD4 /* OriginalArray.h */,
				2463644525050A0100344DD4 /* OriginalArray.m */,
				246364472505110300344DD4 /* ArrayWithLock.h */,
				246364482505110300344DD4 /* ArrayWithLock.m */,
				2463644A2505140400344DD4 /* ArrayWithGCD.h */,
				2463644B2505140400344DD4 /* ArrayWithGCD.m */,
			);
			path = ThreadSafeArray;
			sourceTree = "<group>";
		};
		24675A722503A7D7003AEA47 /* Operation */ = {
			isa = PBXGroup;
			children = (
				24675A6F25039FC5003AEA47 /* OperationVC.h */,
				24675A7025039FC5003AEA47 /* OperationVC.m */,
				24675A732503A7F8003AEA47 /* MyOperation.h */,
				24675A742503A7F8003AEA47 /* MyOperation.m */,
			);
			path = Operation;
			sourceTree = "<group>";
		};
		24F68EB324F6997100C8F592 = {
			isa = PBXGroup;
			children = (
				24F68EBE24F6997100C8F592 /* MultiThreads */,
				24F68EBD24F6997100C8F592 /* Products */,
			);
			sourceTree = "<group>";
		};
		24F68EBD24F6997100C8F592 /* Products */ = {
			isa = PBXGroup;
			children = (
				24F68EBC24F6997100C8F592 /* MultiThreads.app */,
			);
			name = Products;
			sourceTree = "<group>";
		};
		24F68EBE24F6997100C8F592 /* MultiThreads */ = {
			isa = PBXGroup;
			children = (
				24F68EBF24F6997100C8F592 /* AppDelegate.h */,
				24F68EC024F6997100C8F592 /* AppDelegate.m */,
				24F68EC524F6997100C8F592 /* ViewController.h */,
				24F68EC624F6997100C8F592 /* ViewController.m */,
				24F3CC2625032D73008F087A /* TableViewController.h */,
				24F3CC2725032D73008F087A /* TableViewController.m */,
				24F3CC29250330BC008F087A /* GCDBarrierVC.h */,
				24F3CC2A250330BC008F087A /* GCDBarrierVC.m */,
				246364402505038C00344DD4 /* ThreadSafeArray */,
				24675A722503A7D7003AEA47 /* Operation */,
				24F3CC2C2503318F008F087A /* JKTool.h */,
				24F3CC2D2503318F008F087A /* JKTool.m */,
				24F68EC824F6997100C8F592 /* Main.storyboard */,
				24F68ECB24F6997300C8F592 /* Assets.xcassets */,
				24F68ECD24F6997300C8F592 /* LaunchScreen.storyboard */,
				24F68ED024F6997300C8F592 /* Info.plist */,
				24F68ED124F6997300C8F592 /* main.m */,
			);
			path = MultiThreads;
			sourceTree = "<group>";
		};
/* End PBXGroup section */

/* Begin PBXNativeTarget section */
		24F68EBB24F6997100C8F592 /* MultiThreads */ = {
			isa = PBXNativeTarget;
			buildConfigurationList = 24F68ED524F6997300C8F592 /* Build configuration list for PBXNativeTarget "MultiThreads" */;
			buildPhases = (
				24F68EB824F6997100C8F592 /* Sources */,
				24F68EB924F6997100C8F592 /* Frameworks */,
				24F68EBA24F6997100C8F592 /* Resources */,
			);
			buildRules = (
			);
			dependencies = (
			);
			name = MultiThreads;
			productName = MultiThreads;
			productReference = 24F68EBC24F6997100C8F592 /* MultiThreads.app */;
			productType = "com.apple.product-type.application";
		};
/* End PBXNativeTarget section */

/* Begin PBXProject section */
		24F68EB424F6997100C8F592 /* Project object */ = {
			isa = PBXProject;
			attributes = {
				LastUpgradeCheck = 1160;
				ORGANIZATIONNAME = learn;
				TargetAttributes = {
					24F68EBB24F6997100C8F592 = {
						CreatedOnToolsVersion = 11.6;
					};
				};
			};
			buildConfigurationList = 24F68EB724F6997100C8F592 /* Build configuration list for PBXProject "MultiThreads" */;
			compatibilityVersion = "Xcode 9.3";
			developmentRegion = en;
			hasScannedForEncodings = 0;
			knownRegions = (
				en,
				Base,
			);
			mainGroup = 24F68EB324F6997100C8F592;
			productRefGroup = 24F68EBD24F6997100C8F592 /* Products */;
			projectDirPath = "";
			projectRoot = "";
			targets = (
				24F68EBB24F6997100C8F592 /* MultiThreads */,
			);
		};
/* End PBXProject section */

/* Begin PBXResourcesBuildPhase section */
		24F68EBA24F6997100C8F592 /* Resources */ = {
			isa = PBXResourcesBuildPhase;
			buildActionMask = 2147483647;
			files = (
				24F68ECF24F6997300C8F592 /* LaunchScreen.storyboard in Resources */,
				24F68ECC24F6997300C8F592 /* Assets.xcassets in Resources */,
				24F68ECA24F6997100C8F592 /* Main.storyboard in Resources */,
			);
			runOnlyForDeploymentPostprocessing = 0;
		};
/* End PBXResourcesBuildPhase section */

/* Begin PBXSourcesBuildPhase section */
		24F68EB824F6997100C8F592 /* Sources */ = {
			isa = PBXSourcesBuildPhase;
			buildActionMask = 2147483647;
			files = (
				2463644625050A0100344DD4 /* OriginalArray.m in Sources */,
				246364492505110300344DD4 /* ArrayWithLock.m in Sources */,
				24675A7125039FC5003AEA47 /* OperationVC.m in Sources */,
				24F68EC724F6997100C8F592 /* ViewController.m in Sources */,
				24F68EC124F6997100C8F592 /* AppDelegate.m in Sources */,
				24F3CC2E2503318F008F087A /* JKTool.m in Sources */,
				2463644C2505140400344DD4 /* ArrayWithGCD.m in Sources */,
				24636443250503F400344DD4 /* ThreadSafeArrayVC.m in Sources */,
				24F68ED224F6997300C8F592 /* main.m in Sources */,
				24F3CC2825032D73008F087A /* TableViewController.m in Sources */,
				24F3CC2B250330BC008F087A /* GCDBarrierVC.m in Sources */,
				24675A752503A7F8003AEA47 /* MyOperation.m in Sources */,
			);
			runOnlyForDeploymentPostprocessing = 0;
		};
/* End PBXSourcesBuildPhase section */

/* Begin PBXVariantGroup section */
		24F68EC824F6997100C8F592 /* Main.storyboard */ = {
			isa = PBXVariantGroup;
			children = (
				24F68EC924F6997100C8F592 /* Base */,
			);
			name = Main.storyboard;
			sourceTree = "<group>";
		};
		24F68ECD24F6997300C8F592 /* LaunchScreen.storyboard */ = {
			isa = PBXVariantGroup;
			children = (
				24F68ECE24F6997300C8F592 /* Base */,
			);
			name = LaunchScreen.storyboard;
			sourceTree = "<group>";
		};
/* End PBXVariantGroup section */

/* Begin XCBuildConfiguration section */
		24F68ED324F6997300C8F592 /* Debug */ = {
			isa = XCBuildConfiguration;
			buildSettings = {
				ALWAYS_SEARCH_USER_PATHS = NO;
				CLANG_ANALYZER_NONNULL = YES;
				CLANG_ANALYZER_NUMBER_OBJECT_CONVERSION = YES_AGGRESSIVE;
				CLANG_CXX_LANGUAGE_STANDARD = "gnu++14";
				CLANG_CXX_LIBRARY = "libc++";
				CLANG_ENABLE_MODULES = YES;
				CLANG_ENABLE_OBJC_ARC = YES;
				CLANG_ENABLE_OBJC_WEAK = YES;
				CLANG_WARN_BLOCK_CAPTURE_AUTORELEASING = YES;
				CLANG_WARN_BOOL_CONVERSION = YES;
				CLANG_WARN_COMMA = YES;
				CLANG_WARN_CONSTANT_CONVERSION = YES;
				CLANG_WARN_DEPRECATED_OBJC_IMPLEMENTATIONS = YES;
				CLANG_WARN_DIRECT_OBJC_ISA_USAGE = YES_ERROR;
				CLANG_WARN_DOCUMENTATION_COMMENTS = YES;
				CLANG_WARN_EMPTY_BODY = YES;
				CLANG_WARN_ENUM_CONVERSION = YES;
				CLANG_WARN_INFINITE_RECURSION = YES;
				CLANG_WARN_INT_CONVERSION = YES;
				CLANG_WARN_NON_LITERAL_NULL_CONVERSION = YES;
				CLANG_WARN_OBJC_IMPLICIT_RETAIN_SELF = YES;
				CLANG_WARN_OBJC_LITERAL_CONVERSION = YES;
				CLANG_WARN_OBJC_ROOT_CLASS = YES_ERROR;
				CLANG_WARN_RANGE_LOOP_ANALYSIS = YES;
				CLANG_WARN_STRICT_PROTOTYPES = YES;
				CLANG_WARN_SUSPICIOUS_MOVE = YES;
				CLANG_WARN_UNGUARDED_AVAILABILITY = YES_AGGRESSIVE;
				CLANG_WARN_UNREACHABLE_CODE = YES;
				CLANG_WARN__DUPLICATE_METHOD_MATCH = YES;
				COPY_PHASE_STRIP = NO;
				DEBUG_INFORMATION_FORMAT = dwarf;
				ENABLE_STRICT_OBJC_MSGSEND = YES;
				ENABLE_TESTABILITY = YES;
				GCC_C_LANGUAGE_STANDARD = gnu11;
				GCC_DYNAMIC_NO_PIC = NO;
				GCC_NO_COMMON_BLOCKS = YES;
				GCC_OPTIMIZATION_LEVEL = 0;
				GCC_PREPROCESSOR_DEFINITIONS = (
					"DEBUG=1",
					"$(inherited)",
				);
				GCC_WARN_64_TO_32_BIT_CONVERSION = YES;
				GCC_WARN_ABOUT_RETURN_TYPE = YES_ERROR;
				GCC_WARN_UNDECLARED_SELECTOR = YES;
				GCC_WARN_UNINITIALIZED_AUTOS = YES_AGGRESSIVE;
				GCC_WARN_UNUSED_FUNCTION = YES;
				GCC_WARN_UNUSED_VARIABLE = YES;
				IPHONEOS_DEPLOYMENT_TARGET = 13.6;
				MTL_ENABLE_DEBUG_INFO = INCLUDE_SOURCE;
				MTL_FAST_MATH = YES;
				ONLY_ACTIVE_ARCH = YES;
				SDKROOT = iphoneos;
			};
			name = Debug;
		};
		24F68ED424F6997300C8F592 /* Release */ = {
			isa = XCBuildConfiguration;
			buildSettings = {
				ALWAYS_SEARCH_USER_PATHS = NO;
				CLANG_ANALYZER_NONNULL = YES;
				CLANG_ANALYZER_NUMBER_OBJECT_CONVERSION = YES_AGGRESSIVE;
				CLANG_CXX_LANGUAGE_STANDARD = "gnu++14";
				CLANG_CXX_LIBRARY = "libc++";
				CLANG_ENABLE_MODULES = YES;
				CLANG_ENABLE_OBJC_ARC = YES;
				CLANG_ENABLE_OBJC_WEAK = YES;
				CLANG_WARN_BLOCK_CAPTURE_AUTORELEASING = YES;
				CLANG_WARN_BOOL_CONVERSION = YES;
				CLANG_WARN_COMMA = YES;
				CLANG_WARN_CONSTANT_CONVERSION = YES;
				CLANG_WARN_DEPRECATED_OBJC_IMPLEMENTATIONS = YES;
				CLANG_WARN_DIRECT_OBJC_ISA_USAGE = YES_ERROR;
				CLANG_WARN_DOCUMENTATION_COMMENTS = YES;
				CLANG_WARN_EMPTY_BODY = YES;
				CLANG_WARN_ENUM_CONVERSION = YES;
				CLANG_WARN_INFINITE_RECURSION = YES;
				CLANG_WARN_INT_CONVERSION = YES;
				CLANG_WARN_NON_LITERAL_NULL_CONVERSION = YES;
				CLANG_WARN_OBJC_IMPLICIT_RETAIN_SELF = YES;
				CLANG_WARN_OBJC_LITERAL_CONVERSION = YES;
				CLANG_WARN_OBJC_ROOT_CLASS = YES_ERROR;
				CLANG_WARN_RANGE_LOOP_ANALYSIS = YES;
				CLANG_WARN_STRICT_PROTOTYPES = YES;
				CLANG_WARN_SUSPICIOUS_MOVE = YES;
				CLANG_WARN_UNGUARDED_AVAILABILITY = YES_AGGRESSIVE;
				CLANG_WARN_UNREACHABLE_CODE = YES;
				CLANG_WARN__DUPLICATE_METHOD_MATCH = YES;
				COPY_PHASE_STRIP = NO;
				DEBUG_INFORMATION_FORMAT = "dwarf-with-dsym";
				ENABLE_NS_ASSERTIONS = NO;
				ENABLE_STRICT_OBJC_MSGSEND = YES;
				GCC_C_LANGUAGE_STANDARD = gnu11;
				GCC_NO_COMMON_BLOCKS = YES;
				GCC_WARN_64_TO_32_BIT_CONVERSION = YES;
				GCC_WARN_ABOUT_RETURN_TYPE = YES_ERROR;
				GCC_WARN_UNDECLARED_SELECTOR = YES;
				GCC_WARN_UNINITIALIZED_AUTOS = YES_AGGRESSIVE;
				GCC_WARN_UNUSED_FUNCTION = YES;
				GCC_WARN_UNUSED_VARIABLE = YES;
				IPHONEOS_DEPLOYMENT_TARGET = 13.6;
				MTL_ENABLE_DEBUG_INFO = NO;
				MTL_FAST_MATH = YES;
				SDKROOT = iphoneos;
				VALIDATE_PRODUCT = YES;
			};
			name = Release;
		};
		24F68ED624F6997300C8F592 /* Debug */ = {
			isa = XCBuildConfiguration;
			buildSettings = {
				ASSETCATALOG_COMPILER_APPICON_NAME = AppIcon;
				CODE_SIGN_STYLE = Automatic;
				INFOPLIST_FILE = MultiThreads/Info.plist;
				LD_RUNPATH_SEARCH_PATHS = (
					"$(inherited)",
					"@executable_path/Frameworks",
				);
				PRODUCT_BUNDLE_IDENTIFIER = com.learn.MultiThreads;
				PRODUCT_NAME = "$(TARGET_NAME)";
				TARGETED_DEVICE_FAMILY = "1,2";
			};
			name = Debug;
		};
		24F68ED724F6997300C8F592 /* Release */ = {
			isa = XCBuildConfiguration;
			buildSettings = {
				ASSETCATALOG_COMPILER_APPICON_NAME = AppIcon;
				CODE_SIGN_STYLE = Automatic;
				INFOPLIST_FILE = MultiThreads/Info.plist;
				LD_RUNPATH_SEARCH_PATHS = (
					"$(inherited)",
					"@executable_path/Frameworks",
				);
				PRODUCT_BUNDLE_IDENTIFIER = com.learn.MultiThreads;
				PRODUCT_NAME = "$(TARGET_NAME)";
				TARGETED_DEVICE_FAMILY = "1,2";
			};
			name = Release;
		};
/* End XCBuildConfiguration section */

/* Begin XCConfigurationList section */
		24F68EB724F6997100C8F592 /* Build configuration list for PBXProject "MultiThreads" */ = {
			isa = XCConfigurationList;
			buildConfigurations = (
				24F68ED324F6997300C8F592 /* Debug */,
				24F68ED424F6997300C8F592 /* Release */,
			);
			defaultConfigurationIsVisible = 0;
			defaultConfigurationName = Release;
		};
		24F68ED524F6997300C8F592 /* Build configuration list for PBXNativeTarget "MultiThreads" */ = {
			isa = XCConfigurationList;
			buildConfigurations = (
				24F68ED624F6997300C8F592 /* Debug */,
				24F68ED724F6997300C8F592 /* Release */,
			);
			defaultConfigurationIsVisible = 0;
			defaultConfigurationName = Release;
		};
/* End XCConfigurationList section */
	};
	rootObject = 24F68EB424F6997100C8F592 /* Project object */;
}
