// !$*UTF8*$!
{
	archiveVersion = 1;
	classes = {
	};
	objectVersion = 50;
	objects = {

/* Begin PBXBuildFile section */
		246F2ECA24EF7A4100DC07B6 /* AppDelegate.m in Sources */ = {isa = PBXBuildFile; fileRef = 246F2EC924EF7A4100DC07B6 /* AppDelegate.m */; };
		246F2ED024EF7A4100DC07B6 /* ViewController.m in Sources */ = {isa = PBXBuildFile; fileRef = 246F2ECF24EF7A4100DC07B6 /* ViewController.m */; };
		246F2ED324EF7A4100DC07B6 /* Main.storyboard in Resources */ = {isa = PBXBuildFile; fileRef = 246F2ED124EF7A4100DC07B6 /* Main.storyboard */; };
		246F2ED524EF7A4500DC07B6 /* Assets.xcassets in Resources */ = {isa = PBXBuildFile; fileRef = 246F2ED424EF7A4500DC07B6 /* Assets.xcassets */; };
		246F2ED824EF7A4500DC07B6 /* LaunchScreen.storyboard in Resources */ = {isa = PBXBuildFile; fileRef = 246F2ED624EF7A4500DC07B6 /* LaunchScreen.storyboard */; };
		246F2EDB24EF7A4500DC07B6 /* main.m in Sources */ = {isa = PBXBuildFile; fileRef = 246F2EDA24EF7A4500DC07B6 /* main.m */; };
		24F68E8924F68AA800C8F592 /* AddressBook.framework in Frameworks */ = {isa = PBXBuildFile; fileRef = 24F68E8824F68AA800C8F592 /* AddressBook.framework */; };
		24F68E8B24F68AB000C8F592 /* Contacts.framework in Frameworks */ = {isa = PBXBuildFile; fileRef = 24F68E8A24F68AB000C8F592 /* Contacts.framework */; };
		24F68E8D24F68ABA00C8F592 /* MapKit.framework in Frameworks */ = {isa = PBXBuildFile; fileRef = 24F68E8C24F68ABA00C8F592 /* MapKit.framework */; };
/* End PBXBuildFile section */

/* Begin PBXFileReference section */
		246F2EC524EF7A4100DC07B6 /* Performance.app */ = {isa = PBXFileReference; explicitFileType = wrapper.application; includeInIndex = 0; path = Performance.app; sourceTree = BUILT_PRODUCTS_DIR; };
		246F2EC824EF7A4100DC07B6 /* AppDelegate.h */ = {isa = PBXFileReference; lastKnownFileType = sourcecode.c.h; path = AppDelegate.h; sourceTree = "<group>"; };
		246F2EC924EF7A4100DC07B6 /* AppDelegate.m */ = {isa = PBXFileReference; lastKnownFileType = sourcecode.c.objc; path = AppDelegate.m; sourceTree = "<group>"; };
		246F2ECE24EF7A4100DC07B6 /* ViewController.h */ = {isa = PBXFileReference; lastKnownFileType = sourcecode.c.h; path = ViewController.h; sourceTree = "<group>"; };
		246F2ECF24EF7A4100DC07B6 /* ViewController.m */ = {isa = PBXFileReference; lastKnownFileType = sourcecode.c.objc; path = ViewController.m; sourceTree = "<group>"; };
		246F2ED224EF7A4100DC07B6 /* Base */ = {isa = PBXFileReference; lastKnownFileType = file.storyboard; name = Base; path = Base.lproj/Main.storyboard; sourceTree = "<group>"; };
		246F2ED424EF7A4500DC07B6 /* Assets.xcassets */ = {isa = PBXFileReference; lastKnownFileType = folder.assetcatalog; path = Assets.xcassets; sourceTree = "<group>"; };
		246F2ED724EF7A4500DC07B6 /* Base */ = {isa = PBXFileReference; lastKnownFileType = file.storyboard; name = Base; path = Base.lproj/LaunchScreen.storyboard; sourceTree = "<group>"; };
		246F2ED924EF7A4500DC07B6 /* Info.plist */ = {isa = PBXFileReference; lastKnownFileType = text.plist.xml; path = Info.plist; sourceTree = "<group>"; };
		246F2EDA24EF7A4500DC07B6 /* main.m */ = {isa = PBXFileReference; lastKnownFileType = sourcecode.c.objc; path = main.m; sourceTree = "<group>"; };
		246F2EE124EF7A8000DC07B6 /* README.md */ = {isa = PBXFileReference; lastKnownFileType = net.daringfireball.markdown; path = README.md; sourceTree = "<group>"; };
		24F68E8824F68AA800C8F592 /* AddressBook.framework */ = {isa = PBXFileReference; lastKnownFileType = wrapper.framework; name = AddressBook.framework; path = System/Library/Frameworks/AddressBook.framework; sourceTree = SDKROOT; };
		24F68E8A24F68AB000C8F592 /* Contacts.framework */ = {isa = PBXFileReference; lastKnownFileType = wrapper.framework; name = Contacts.framework; path = System/Library/Frameworks/Contacts.framework; sourceTree = SDKROOT; };
		24F68E8C24F68ABA00C8F592 /* MapKit.framework */ = {isa = PBXFileReference; lastKnownFileType = wrapper.framework; name = MapKit.framework; path = System/Library/Frameworks/MapKit.framework; sourceTree = SDKROOT; };
/* End PBXFileReference section */

/* Begin PBXFrameworksBuildPhase section */
		246F2EC224EF7A4100DC07B6 /* Frameworks */ = {
			isa = PBXFrameworksBuildPhase;
			buildActionMask = 2147483647;
			files = (
				24F68E8D24F68ABA00C8F592 /* MapKit.framework in Frameworks */,
				24F68E8B24F68AB000C8F592 /* Contacts.framework in Frameworks */,
				24F68E8924F68AA800C8F592 /* AddressBook.framework in Frameworks */,
			);
			runOnlyForDeploymentPostprocessing = 0;
		};
/* End PBXFrameworksBuildPhase section */

/* Begin PBXGroup section */
		246F2EBC24EF7A4100DC07B6 = {
			isa = PBXGroup;
			children = (
				246F2EC724EF7A4100DC07B6 /* Performance */,
				246F2EC624EF7A4100DC07B6 /* Products */,
				24F68E8724F68AA800C8F592 /* Frameworks */,
			);
			sourceTree = "<group>";
		};
		246F2EC624EF7A4100DC07B6 /* Products */ = {
			isa = PBXGroup;
			children = (
				246F2EC524EF7A4100DC07B6 /* Performance.app */,
			);
			name = Products;
			sourceTree = "<group>";
		};
		246F2EC724EF7A4100DC07B6 /* Performance */ = {
			isa = PBXGroup;
			children = (
				246F2EC824EF7A4100DC07B6 /* AppDelegate.h */,
				246F2EC924EF7A4100DC07B6 /* AppDelegate.m */,
				246F2ECE24EF7A4100DC07B6 /* ViewController.h */,
				246F2ECF24EF7A4100DC07B6 /* ViewController.m */,
				246F2ED124EF7A4100DC07B6 /* Main.storyboard */,
				246F2ED424EF7A4500DC07B6 /* Assets.xcassets */,
				246F2ED624EF7A4500DC07B6 /* LaunchScreen.storyboard */,
				246F2ED924EF7A4500DC07B6 /* Info.plist */,
				246F2EDA24EF7A4500DC07B6 /* main.m */,
				246F2EE124EF7A8000DC07B6 /* README.md */,
			);
			path = Performance;
			sourceTree = "<group>";
		};
		24F68E8724F68AA800C8F592 /* Frameworks */ = {
			isa = PBXGroup;
			children = (
				24F68E8C24F68ABA00C8F592 /* MapKit.framework */,
				24F68E8A24F68AB000C8F592 /* Contacts.framework */,
				24F68E8824F68AA800C8F592 /* AddressBook.framework */,
			);
			name = Frameworks;
			sourceTree = "<group>";
		};
/* End PBXGroup section */

/* Begin PBXNativeTarget section */
		246F2EC424EF7A4100DC07B6 /* Performance */ = {
			isa = PBXNativeTarget;
			buildConfigurationList = 246F2EDE24EF7A4500DC07B6 /* Build configuration list for PBXNativeTarget "Performance" */;
			buildPhases = (
				246F2EC124EF7A4100DC07B6 /* Sources */,
				246F2EC224EF7A4100DC07B6 /* Frameworks */,
				246F2EC324EF7A4100DC07B6 /* Resources */,
			);
			buildRules = (
			);
			dependencies = (
			);
			name = Performance;
			productName = Performance;
			productReference = 246F2EC524EF7A4100DC07B6 /* Performance.app */;
			productType = "com.apple.product-type.application";
		};
/* End PBXNativeTarget section */

/* Begin PBXProject section */
		246F2EBD24EF7A4100DC07B6 /* Project object */ = {
			isa = PBXProject;
			attributes = {
				LastUpgradeCheck = 1160;
				ORGANIZATIONNAME = learn;
				TargetAttributes = {
					246F2EC424EF7A4100DC07B6 = {
						CreatedOnToolsVersion = 11.6;
					};
				};
			};
			buildConfigurationList = 246F2EC024EF7A4100DC07B6 /* Build configuration list for PBXProject "Performance" */;
			compatibilityVersion = "Xcode 9.3";
			developmentRegion = en;
			hasScannedForEncodings = 0;
			knownRegions = (
				en,
				Base,
			);
			mainGroup = 246F2EBC24EF7A4100DC07B6;
			productRefGroup = 246F2EC624EF7A4100DC07B6 /* Products */;
			projectDirPath = "";
			projectRoot = "";
			targets = (
				246F2EC424EF7A4100DC07B6 /* Performance */,
			);
		};
/* End PBXProject section */

/* Begin PBXResourcesBuildPhase section */
		246F2EC324EF7A4100DC07B6 /* Resources */ = {
			isa = PBXResourcesBuildPhase;
			buildActionMask = 2147483647;
			files = (
				246F2ED824EF7A4500DC07B6 /* LaunchScreen.storyboard in Resources */,
				246F2ED524EF7A4500DC07B6 /* Assets.xcassets in Resources */,
				246F2ED324EF7A4100DC07B6 /* Main.storyboard in Resources */,
			);
			runOnlyForDeploymentPostprocessing = 0;
		};
/* End PBXResourcesBuildPhase section */

/* Begin PBXSourcesBuildPhase section */
		246F2EC124EF7A4100DC07B6 /* Sources */ = {
			isa = PBXSourcesBuildPhase;
			buildActionMask = 2147483647;
			files = (
				246F2ED024EF7A4100DC07B6 /* ViewController.m in Sources */,
				246F2ECA24EF7A4100DC07B6 /* AppDelegate.m in Sources */,
				246F2EDB24EF7A4500DC07B6 /* main.m in Sources */,
			);
			runOnlyForDeploymentPostprocessing = 0;
		};
/* End PBXSourcesBuildPhase section */

/* Begin PBXVariantGroup section */
		246F2ED124EF7A4100DC07B6 /* Main.storyboard */ = {
			isa = PBXVariantGroup;
			children = (
				246F2ED224EF7A4100DC07B6 /* Base */,
			);
			name = Main.storyboard;
			sourceTree = "<group>";
		};
		246F2ED624EF7A4500DC07B6 /* LaunchScreen.storyboard */ = {
			isa = PBXVariantGroup;
			children = (
				246F2ED724EF7A4500DC07B6 /* Base */,
			);
			name = LaunchScreen.storyboard;
			sourceTree = "<group>";
		};
/* End PBXVariantGroup section */

/* Begin XCBuildConfiguration section */
		246F2EDC24EF7A4500DC07B6 /* Debug */ = {
			isa = XCBuildConfiguration;
			buildSettings = {
				ALWAYS_SEARCH_USER_PATHS = NO;
				CLANG_ANALYZER_NONNULL = YES;
				CLANG_ANALYZER_NUMBER_OBJECT_CONVERSION = YES_AGGRESSIVE;
				CLANG_CXX_LANGUAGE_STANDARD = "gnu++14";
				CLANG_CXX_LIBRARY = "libc++";
				CLANG_ENABLE_MODULES = YES;
				CLANG_ENABLE_OBJC_ARC = YES;
				CLANG_ENABLE_OBJC_WEAK = YES;
				CLANG_WARN_BLOCK_CAPTURE_AUTORELEASING = YES;
				CLANG_WARN_BOOL_CONVERSION = YES;
				CLANG_WARN_COMMA = YES;
				CLANG_WARN_CONSTANT_CONVERSION = YES;
				CLANG_WARN_DEPRECATED_OBJC_IMPLEMENTATIONS = YES;
				CLANG_WARN_DIRECT_OBJC_ISA_USAGE = YES_ERROR;
				CLANG_WARN_DOCUMENTATION_COMMENTS = YES;
				CLANG_WARN_EMPTY_BODY = YES;
				CLANG_WARN_ENUM_CONVERSION = YES;
				CLANG_WARN_INFINITE_RECURSION = YES;
				CLANG_WARN_INT_CONVERSION = YES;
				CLANG_WARN_NON_LITERAL_NULL_CONVERSION = YES;
				CLANG_WARN_OBJC_IMPLICIT_RETAIN_SELF = YES;
				CLANG_WARN_OBJC_LITERAL_CONVERSION = YES;
				CLANG_WARN_OBJC_ROOT_CLASS = YES_ERROR;
				CLANG_WARN_RANGE_LOOP_ANALYSIS = YES;
				CLANG_WARN_STRICT_PROTOTYPES = YES;
				CLANG_WARN_SUSPICIOUS_MOVE = YES;
				CLANG_WARN_UNGUARDED_AVAILABILITY = YES_AGGRESSIVE;
				CLANG_WARN_UNREACHABLE_CODE = YES;
				CLANG_WARN__DUPLICATE_METHOD_MATCH = YES;
				COPY_PHASE_STRIP = NO;
				DEBUG_INFORMATION_FORMAT = dwarf;
				ENABLE_STRICT_OBJC_MSGSEND = YES;
				ENABLE_TESTABILITY = YES;
				GCC_C_LANGUAGE_STANDARD = gnu11;
				GCC_DYNAMIC_NO_PIC = NO;
				GCC_NO_COMMON_BLOCKS = YES;
				GCC_OPTIMIZATION_LEVEL = 0;
				GCC_PREPROCESSOR_DEFINITIONS = (
					"DEBUG=1",
					"$(inherited)",
				);
				GCC_WARN_64_TO_32_BIT_CONVERSION = YES;
				GCC_WARN_ABOUT_RETURN_TYPE = YES_ERROR;
				GCC_WARN_UNDECLARED_SELECTOR = YES;
				GCC_WARN_UNINITIALIZED_AUTOS = YES_AGGRESSIVE;
				GCC_WARN_UNUSED_FUNCTION = YES;
				GCC_WARN_UNUSED_VARIABLE = YES;
				IPHONEOS_DEPLOYMENT_TARGET = 13.6;
				MTL_ENABLE_DEBUG_INFO = INCLUDE_SOURCE;
				MTL_FAST_MATH = YES;
				ONLY_ACTIVE_ARCH = YES;
				SDKROOT = iphoneos;
			};
			name = Debug;
		};
		246F2EDD24EF7A4500DC07B6 /* Release */ = {
			isa = XCBuildConfiguration;
			buildSettings = {
				ALWAYS_SEARCH_USER_PATHS = NO;
				CLANG_ANALYZER_NONNULL = YES;
				CLANG_ANALYZER_NUMBER_OBJECT_CONVERSION = YES_AGGRESSIVE;
				CLANG_CXX_LANGUAGE_STANDARD = "gnu++14";
				CLANG_CXX_LIBRARY = "libc++";
				CLANG_ENABLE_MODULES = YES;
				CLANG_ENABLE_OBJC_ARC = YES;
				CLANG_ENABLE_OBJC_WEAK = YES;
				CLANG_WARN_BLOCK_CAPTURE_AUTORELEASING = YES;
				CLANG_WARN_BOOL_CONVERSION = YES;
				CLANG_WARN_COMMA = YES;
				CLANG_WARN_CONSTANT_CONVERSION = YES;
				CLANG_WARN_DEPRECATED_OBJC_IMPLEMENTATIONS = YES;
				CLANG_WARN_DIRECT_OBJC_ISA_USAGE = YES_ERROR;
				CLANG_WARN_DOCUMENTATION_COMMENTS = YES;
				CLANG_WARN_EMPTY_BODY = YES;
				CLANG_WARN_ENUM_CONVERSION = YES;
				CLANG_WARN_INFINITE_RECURSION = YES;
				CLANG_WARN_INT_CONVERSION = YES;
				CLANG_WARN_NON_LITERAL_NULL_CONVERSION = YES;
				CLANG_WARN_OBJC_IMPLICIT_RETAIN_SELF = YES;
				CLANG_WARN_OBJC_LITERAL_CONVERSION = YES;
				CLANG_WARN_OBJC_ROOT_CLASS = YES_ERROR;
				CLANG_WARN_RANGE_LOOP_ANALYSIS = YES;
				CLANG_WARN_STRICT_PROTOTYPES = YES;
				CLANG_WARN_SUSPICIOUS_MOVE = YES;
				CLANG_WARN_UNGUARDED_AVAILABILITY = YES_AGGRESSIVE;
				CLANG_WARN_UNREACHABLE_CODE = YES;
				CLANG_WARN__DUPLICATE_METHOD_MATCH = YES;
				COPY_PHASE_STRIP = NO;
				DEBUG_INFORMATION_FORMAT = "dwarf-with-dsym";
				ENABLE_NS_ASSERTIONS = NO;
				ENABLE_STRICT_OBJC_MSGSEND = YES;
				GCC_C_LANGUAGE_STANDARD = gnu11;
				GCC_NO_COMMON_BLOCKS = YES;
				GCC_WARN_64_TO_32_BIT_CONVERSION = YES;
				GCC_WARN_ABOUT_RETURN_TYPE = YES_ERROR;
				GCC_WARN_UNDECLARED_SELECTOR = YES;
				GCC_WARN_UNINITIALIZED_AUTOS = YES_AGGRESSIVE;
				GCC_WARN_UNUSED_FUNCTION = YES;
				GCC_WARN_UNUSED_VARIABLE = YES;
				IPHONEOS_DEPLOYMENT_TARGET = 13.6;
				MTL_ENABLE_DEBUG_INFO = NO;
				MTL_FAST_MATH = YES;
				SDKROOT = iphoneos;
				VALIDATE_PRODUCT = YES;
			};
			name = Release;
		};
		246F2EDF24EF7A4500DC07B6 /* Debug */ = {
			isa = XCBuildConfiguration;
			buildSettings = {
				ASSETCATALOG_COMPILER_APPICON_NAME = AppIcon;
				CODE_SIGN_STYLE = Automatic;
				INFOPLIST_FILE = Performance/Info.plist;
				LD_RUNPATH_SEARCH_PATHS = (
					"$(inherited)",
					"@executable_path/Frameworks",
				);
				PRODUCT_BUNDLE_IDENTIFIER = com.learn.Performance;
				PRODUCT_NAME = "$(TARGET_NAME)";
				TARGETED_DEVICE_FAMILY = "1,2";
			};
			name = Debug;
		};
		246F2EE024EF7A4500DC07B6 /* Release */ = {
			isa = XCBuildConfiguration;
			buildSettings = {
				ASSETCATALOG_COMPILER_APPICON_NAME = AppIcon;
				CODE_SIGN_STYLE = Automatic;
				INFOPLIST_FILE = Performance/Info.plist;
				LD_RUNPATH_SEARCH_PATHS = (
					"$(inherited)",
					"@executable_path/Frameworks",
				);
				PRODUCT_BUNDLE_IDENTIFIER = com.learn.Performance;
				PRODUCT_NAME = "$(TARGET_NAME)";
				TARGETED_DEVICE_FAMILY = "1,2";
			};
			name = Release;
		};
/* End XCBuildConfiguration section */

/* Begin XCConfigurationList section */
		246F2EC024EF7A4100DC07B6 /* Build configuration list for PBXProject "Performance" */ = {
			isa = XCConfigurationList;
			buildConfigurations = (
				246F2EDC24EF7A4500DC07B6 /* Debug */,
				246F2EDD24EF7A4500DC07B6 /* Release */,
			);
			defaultConfigurationIsVisible = 0;
			defaultConfigurationName = Release;
		};
		246F2EDE24EF7A4500DC07B6 /* Build configuration list for PBXNativeTarget "Performance" */ = {
			isa = XCConfigurationList;
			buildConfigurations = (
				246F2EDF24EF7A4500DC07B6 /* Debug */,
				246F2EE024EF7A4500DC07B6 /* Release */,
			);
			defaultConfigurationIsVisible = 0;
			defaultConfigurationName = Release;
		};
/* End XCConfigurationList section */
	};
	rootObject = 246F2EBD24EF7A4100DC07B6 /* Project object */;
}
